
Microsoft Visual Studio Solution File, Format Version 12.00
# Visual Studio 2012
Project("{FAE04EC0-301F-11D3-BF4B-00C04F79EFBC}") = "CodeStixSolution", "CodeStixSolution\CodeStixSolution.csproj", "{076BC989-D1F5-475C-969F-54AB4353CF0E}"
EndProject
Global
	GlobalSection(SolutionConfigurationPlatforms) = preSolution
		Debug|Any CPU = Debug|Any CPU
		Release|Any CPU = Release|Any CPU
	EndGlobalSection
	GlobalSection(ProjectConfigurationPlatforms) = postSolution
		{076BC989-D1F5-475C-969F-54AB4353CF0E}.Debug|Any CPU.ActiveCfg = Debug|Any CPU
		{076BC989-D1F5-475C-969F-54AB4353CF0E}.Debug|Any CPU.Build.0 = Debug|Any CPU
		{076BC989-D1F5-475C-969F-54AB4353CF0E}.Release|Any CPU.ActiveCfg = Release|Any CPU
		{076BC989-D1F5-475C-969F-54AB4353CF0E}.Release|Any CPU.Build.0 = Release|Any CPU
	EndGlobalSection
	GlobalSection(SolutionProperties) = preSolution
		HideSolutionNode = FALSE
	EndGlobalSection
EndGlobal
